Microsoft Visual Studio Solution File, Format Version 8.00
Project("{8BC9CEB8-8B4A-11D0-8D11-00A0C91BC942}") = "GLman3D", "GLman3D.vcproj", "{FB1BD5C3-6113-42A6-A0FE-976303D73207}"
	ProjectSection(ProjectDependencies) = postProject
	EndProjectSection
EndProject
Global
	GlobalSection(SolutionConfiguration) = preSolution
		Debug = Debug
		Release = Release
	EndGlobalSection
	GlobalSection(ProjectConfiguration) = postSolution
		{FB1BD5C3-6113-42A6-A0FE-976303D73207}.Debug.ActiveCfg = Debug|Win32
		{FB1BD5C3-6113-42A6-A0FE-976303D73207}.Debug.Build.0 = Debug|Win32
		{FB1BD5C3-6113-42A6-A0FE-976303D73207}.Release.ActiveCfg = Release|Win32
		{FB1BD5C3-6113-42A6-A0FE-976303D73207}.Release.Build.0 = Release|Win32
	EndGlobalSection
	GlobalSection(ExtensibilityGlobals) = postSolution
	EndGlobalSection
	GlobalSection(ExtensibilityAddIns) = postSolution
	EndGlobalSection
EndGlobal
